
Microsoft Visual Studio Solution File, Format Version 12.00
# Visual Studio Version 16
VisualStudioVersion = 16.0.30717.126
MinimumVisualStudioVersion = 10.0.40219.1
Project("{8BC9CEB8-8B4A-11D0-8D11-00A0C91BC942}") = "ProjetGit", "ProjetGit\ProjetGit.vcxproj", "{608E469D-6E6B-44CD-B114-1956EA0BCF49}"
EndProject
Global
	GlobalSection(SolutionConfigurationPlatforms) = preSolution
		Debug|x64 = Debug|x64
		Debug|x86 = Debug|x86
		Release|x64 = Release|x64
		Release|x86 = Release|x86
	EndGlobalSection
	GlobalSection(ProjectConfigurationPlatforms) = postSolution
		{608E469D-6E6B-44CD-B114-1956EA0BCF49}.Debug|x64.ActiveCfg = Debug|x64
		{608E469D-6E6B-44CD-B114-1956EA0BCF49}.Debug|x64.Build.0 = Debug|x64
		{608E469D-6E6B-44CD-B114-1956EA0BCF49}.Debug|x86.ActiveCfg = Debug|Win32
		{608E469D-6E6B-44CD-B114-1956EA0BCF49}.Debug|x86.Build.0 = Debug|Win32
		{608E469D-6E6B-44CD-B114-1956EA0BCF49}.Release|x64.ActiveCfg = Release|x64
		{608E469D-6E6B-44CD-B114-1956EA0BCF49}.Release|x64.Build.0 = Release|x64
		{608E469D-6E6B-44CD-B114-1956EA0BCF49}.Release|x86.ActiveCfg = Release|Win32
		{608E469D-6E6B-44CD-B114-1956EA0BCF49}.Release|x86.Build.0 = Release|Win32
	EndGlobalSection
	GlobalSection(SolutionProperties) = preSolution
		HideSolutionNode = FALSE
	EndGlobalSection
	GlobalSection(ExtensibilityGlobals) = postSolution
		SolutionGuid = {3672A95C-A18B-4796-A2E8-8C941468CFAD}
	EndGlobalSection
EndGlobal
